# THIS IS AN AUTOGENERATED FILE. DO NOT EDIT THIS FILE DIRECTLY.
# yarn lockfile v1


"@types/chrome@^0.0.133":
  version "0.0.133"
  resolved "https://registry.npm.taobao.org/@types/chrome/download/@types/chrome-0.0.133.tgz#9e1d55441584ba2d5274ca84db36427da9c5dc6e"
  integrity sha1-nh1VRBWEui1SdMqE2zZCfanF3G4=
  dependencies:
    "@types/filesystem" "*"
    "@types/har-format" "*"

"@types/filesystem@*":
  version "0.0.29"
  resolved "https://registry.npm.taobao.org/@types/filesystem/download/@types/filesystem-0.0.29.tgz#ee3748eb5be140dcf980c3bd35f11aec5f7a3748"
  integrity sha1-7jdI61vhQNz5gMO9NfEa7F96N0g=
  dependencies:
    "@types/filewriter" "*"

"@types/filewriter@*":
  version "0.0.28"
  resolved "https://registry.npm.taobao.org/@types/filewriter/download/@types/filewriter-0.0.28.tgz#c054e8af4d9dd75db4e63abc76f885168714d4b3"
  integrity sha1-wFTor02d11205jq8dviFFocU1LM=

"@types/har-format@*":
  version "1.2.5"
  resolved "https://registry.npm.taobao.org/@types/har-format/download/@types/har-format-1.2.5.tgz#4f6648814d0fdcb6a510e3364a9db439a753c4b1"
  integrity sha1-T2ZIgU0P3LalEOM2Sp20OadTxLE=
